
Microsoft Visual Studio Solution File, Format Version 12.00
# Visual Studio Version 16
VisualStudioVersion = 16.0.31515.178
MinimumVisualStudioVersion = 10.0.40219.1
Project("{FAE04EC0-301F-11D3-BF4B-00C04F79EFBC}") = "LogicalProblemsDay6", "LogicalProblemsDay6\LogicalProblemsDay6.csproj", "{F4ECDDBA-FB2D-4275-BC9D-29499413EB38}"
EndProject
Global
	GlobalSection(SolutionConfigurationPlatforms) = preSolution
		Debug|Any CPU = Debug|Any CPU
		Release|Any CPU = Release|Any CPU
	EndGlobalSection
	GlobalSection(ProjectConfigurationPlatforms) = postSolution
		{F4ECDDBA-FB2D-4275-BC9D-29499413EB38}.Debug|Any CPU.ActiveCfg = Debug|Any CPU
		{F4ECDDBA-FB2D-4275-BC9D-29499413EB38}.Debug|Any CPU.Build.0 = Debug|Any CPU
		{F4ECDDBA-FB2D-4275-BC9D-29499413EB38}.Release|Any CPU.ActiveCfg = Release|Any CPU
		{F4ECDDBA-FB2D-4275-BC9D-29499413EB38}.Release|Any CPU.Build.0 = Release|Any CPU
	EndGlobalSection
	GlobalSection(SolutionProperties) = preSolution
		HideSolutionNode = FALSE
	EndGlobalSection
	GlobalSection(ExtensibilityGlobals) = postSolution
		SolutionGuid = {DF6C3E58-B65A-42D2-AFD8-AAB7ECAC0C5B}
	EndGlobalSection
EndGlobal
